
Microsoft Visual Studio Solution File, Format Version 12.00
# Visual Studio Version 17
VisualStudioVersion = 17.8.34525.116
MinimumVisualStudioVersion = 10.0.40219.1
Project("{FAE04EC0-301F-11D3-BF4B-00C04F79EFBC}") = "charts_carrousel", "charts_carrousel\charts_carrousel.csproj", "{4B8C64B2-97A4-4BC7-A623-9E4DD303E5A7}"
EndProject
Project("{FAE04EC0-301F-11D3-BF4B-00C04F79EFBC}") = "charts_carrousel.Client", "charts_carrousel.Client\charts_carrousel.Client.csproj", "{BB38EC95-F4B9-4CE1-B722-F9F9B124DD62}"
EndProject
Global
	GlobalSection(SolutionConfigurationPlatforms) = preSolution
		Debug|Any CPU = Debug|Any CPU
		Release|Any CPU = Release|Any CPU
	EndGlobalSection
	GlobalSection(ProjectConfigurationPlatforms) = postSolution
		{4B8C64B2-97A4-4BC7-A623-9E4DD303E5A7}.Debug|Any CPU.ActiveCfg = Debug|Any CPU
		{4B8C64B2-97A4-4BC7-A623-9E4DD303E5A7}.Debug|Any CPU.Build.0 = Debug|Any CPU
		{4B8C64B2-97A4-4BC7-A623-9E4DD303E5A7}.Release|Any CPU.ActiveCfg = Release|Any CPU
		{4B8C64B2-97A4-4BC7-A623-9E4DD303E5A7}.Release|Any CPU.Build.0 = Release|Any CPU
		{BB38EC95-F4B9-4CE1-B722-F9F9B124DD62}.Debug|Any CPU.ActiveCfg = Debug|Any CPU
		{BB38EC95-F4B9-4CE1-B722-F9F9B124DD62}.Debug|Any CPU.Build.0 = Debug|Any CPU
		{BB38EC95-F4B9-4CE1-B722-F9F9B124DD62}.Release|Any CPU.ActiveCfg = Release|Any CPU
		{BB38EC95-F4B9-4CE1-B722-F9F9B124DD62}.Release|Any CPU.Build.0 = Release|Any CPU
	EndGlobalSection
	GlobalSection(SolutionProperties) = preSolution
		HideSolutionNode = FALSE
	EndGlobalSection
	GlobalSection(ExtensibilityGlobals) = postSolution
		SolutionGuid = {6423C376-CA61-4793-B94E-B5BA8F3D8160}
	EndGlobalSection
EndGlobal
